
Microsoft Visual Studio Solution File, Format Version 12.00
# Visual Studio Version 16
VisualStudioVersion = 16.0.31112.23
MinimumVisualStudioVersion = 10.0.40219.1
Project("{FAE04EC0-301F-11D3-BF4B-00C04F79EFBC}") = "Receitas", "Receitas\Receitas.csproj", "{F602EBD2-8BC2-4AAE-A031-35F8850DD766}"
EndProject
Global
	GlobalSection(SolutionConfigurationPlatforms) = preSolution
		Debug|Any CPU = Debug|Any CPU
		Release|Any CPU = Release|Any CPU
	EndGlobalSection
	GlobalSection(ProjectConfigurationPlatforms) = postSolution
		{F602EBD2-8BC2-4AAE-A031-35F8850DD766}.Debug|Any CPU.ActiveCfg = Debug|Any CPU
		{F602EBD2-8BC2-4AAE-A031-35F8850DD766}.Debug|Any CPU.Build.0 = Debug|Any CPU
		{F602EBD2-8BC2-4AAE-A031-35F8850DD766}.Release|Any CPU.ActiveCfg = Release|Any CPU
		{F602EBD2-8BC2-4AAE-A031-35F8850DD766}.Release|Any CPU.Build.0 = Release|Any CPU
	EndGlobalSection
	GlobalSection(SolutionProperties) = preSolution
		HideSolutionNode = FALSE
	EndGlobalSection
	GlobalSection(ExtensibilityGlobals) = postSolution
		SolutionGuid = {6581797C-2DDF-4919-BA6D-DF018C89FC1B}
	EndGlobalSection
EndGlobal
